{
	"name": "abc",
	"lockfileVersion": 3,
	"requires": true,
	"packages": {
		"": {
			"name": "abc",
			"devDependencies": {
				"@types/node": "^22.13.10"
			}
		},
		"node_modules/@types/node": {
			"version": "22.13.11",
			"resolved": "https://registry.npmjs.org/@types/node/-/node-22.13.11.tgz",
			"integrity": "sha512-iEUCUJoU0i3VnrCmgoWCXttklWcvoCIx4jzcP22fioIVSdTmjgoEvmAO/QPw6TcS9k5FrNgn4w7q5lGOd1CT5g==",
			"dev": true,
			"license": "MIT",
			"dependencies": {
				"undici-types": "~6.20.0"
			}
		},
		"node_modules/undici-types": {
			"version": "6.20.0",
			"dev": true,
			"license": "MIT"
		}
	}
}
