{
	"name": "abc",
	"lockfileVersion": 3,
	"requires": true,
	"packages": {
		"": {
			"name": "abc",
			"devDependencies": {
				"@types/node": "^22.13.10"
			}
		},
		"node_modules/@types/node": {
			"version": "22.13.10",
			"dev": true,
			"license": "MIT",
			"dependencies": {
				"undici-types": "~6.20.0"
			}
		},
		"node_modules/undici-types": {
			"version": "6.20.0",
			"dev": true,
			"license": "MIT"
		}
	}
}
